
Microsoft Visual Studio Solution File, Format Version 12.00
# Visual Studio Version 17
VisualStudioVersion = 17.9.34607.119
MinimumVisualStudioVersion = 10.0.40219.1
Project("{FAE04EC0-301F-11D3-BF4B-00C04F79EFBC}") = "MauiAndroidServer", "MauiAndroidServer\MauiAndroidServer.csproj", "{05D2D0EA-98D7-44BA-99A2-BE29EBC9832E}"
EndProject
Global
	GlobalSection(SolutionConfigurationPlatforms) = preSolution
		Debug|Any CPU = Debug|Any CPU
		Release|Any CPU = Release|Any CPU
	EndGlobalSection
	GlobalSection(ProjectConfigurationPlatforms) = postSolution
		{05D2D0EA-98D7-44BA-99A2-BE29EBC9832E}.Debug|Any CPU.ActiveCfg = Debug|Any CPU
		{05D2D0EA-98D7-44BA-99A2-BE29EBC9832E}.Debug|Any CPU.Build.0 = Debug|Any CPU
		{05D2D0EA-98D7-44BA-99A2-BE29EBC9832E}.Debug|Any CPU.Deploy.0 = Debug|Any CPU
		{05D2D0EA-98D7-44BA-99A2-BE29EBC9832E}.Release|Any CPU.ActiveCfg = Release|Any CPU
		{05D2D0EA-98D7-44BA-99A2-BE29EBC9832E}.Release|Any CPU.Build.0 = Release|Any CPU
		{05D2D0EA-98D7-44BA-99A2-BE29EBC9832E}.Release|Any CPU.Deploy.0 = Release|Any CPU
	EndGlobalSection
	GlobalSection(SolutionProperties) = preSolution
		HideSolutionNode = FALSE
	EndGlobalSection
	GlobalSection(ExtensibilityGlobals) = postSolution
		SolutionGuid = {000E807A-5D75-4FFD-8F17-DF0551E51083}
	EndGlobalSection
EndGlobal
